// !$*UTF8*$!
{
	archiveVersion = 1;
	classes = {
	};
	objectVersion = 50;
	objects = {

/* Begin PBXBuildFile section */
		AE8D226725EF46410032D029 /* AppDelegate.swift in Sources */ = {isa = PBXBuildFile; fileRef = AE8D226625EF46410032D029 /* AppDelegate.swift */; };
		AE8D226925EF46410032D029 /* SceneDelegate.swift in Sources */ = {isa = PBXBuildFile; fileRef = AE8D226825EF46410032D029 /* SceneDelegate.swift */; };
		AE8D226B25EF46410032D029 /* IntroViewController.swift in Sources */ = {isa = PBXBuildFile; fileRef = AE8D226A25EF46410032D029 /* IntroViewController.swift */; };
		AE8D226E25EF46410032D029 /* Main.storyboard in Resources */ = {isa = PBXBuildFile; fileRef = AE8D226C25EF46410032D029 /* Main.storyboard */; };
		AE8D227125EF46410032D029 /* BachelorProject.xcdatamodeld in Sources */ = {isa = PBXBuildFile; fileRef = AE8D226F25EF46410032D029 /* BachelorProject.xcdatamodeld */; };
		AE8D227325EF46460032D029 /* Assets.xcassets in Resources */ = {isa = PBXBuildFile; fileRef = AE8D227225EF46460032D029 /* Assets.xcassets */; };
		AE8D227625EF46460032D029 /* LaunchScreen.storyboard in Resources */ = {isa = PBXBuildFile; fileRef = AE8D227425EF46460032D029 /* LaunchScreen.storyboard */; };
		AE8D228125EF46470032D029 /* BachelorProjectTests.swift in Sources */ = {isa = PBXBuildFile; fileRef = AE8D228025EF46470032D029 /* BachelorProjectTests.swift */; };
		AE8D228C25EF46470032D029 /* BachelorProjectUITests.swift in Sources */ = {isa = PBXBuildFile; fileRef = AE8D228B25EF46470032D029 /* BachelorProjectUITests.swift */; };
		AE8D22B525EF4E670032D029 /* IntroViewController.xib in Resources */ = {isa = PBXBuildFile; fileRef = AE8D22B425EF4E670032D029 /* IntroViewController.xib */; };
		AE8D22BE25EF503A0032D029 /* Router.swift in Sources */ = {isa = PBXBuildFile; fileRef = AE8D22BD25EF503A0032D029 /* Router.swift */; };
		AE8D22DD25EF64010032D029 /* LoginViewController.swift in Sources */ = {isa = PBXBuildFile; fileRef = AE8D22DB25EF64010032D029 /* LoginViewController.swift */; };
		AE8D22DE25EF64010032D029 /* LoginViewController.xib in Resources */ = {isa = PBXBuildFile; fileRef = AE8D22DC25EF64010032D029 /* LoginViewController.xib */; };
		AE8D22E425EF64420032D029 /* RegisterViewController.swift in Sources */ = {isa = PBXBuildFile; fileRef = AE8D22E225EF64420032D029 /* RegisterViewController.swift */; };
		AE8D22E525EF64420032D029 /* RegisterViewController.xib in Resources */ = {isa = PBXBuildFile; fileRef = AE8D22E325EF64420032D029 /* RegisterViewController.xib */; };
		AE8D22F125EF70C90032D029 /* NibLoadable.swift in Sources */ = {isa = PBXBuildFile; fileRef = AE8D22F025EF70C80032D029 /* NibLoadable.swift */; };
		AE8D22F925EF74280032D029 /* PhotoView.swift in Sources */ = {isa = PBXBuildFile; fileRef = AE8D22F825EF74270032D029 /* PhotoView.swift */; };
		AE8D230825EF8CBD0032D029 /* Extension + UIView.swift in Sources */ = {isa = PBXBuildFile; fileRef = AE8D230725EF8CBD0032D029 /* Extension + UIView.swift */; };
		AE8D231225EF990E0032D029 /* UserInfoCollectionViewCell.swift in Sources */ = {isa = PBXBuildFile; fileRef = AE8D231025EF990E0032D029 /* UserInfoCollectionViewCell.swift */; };
		AE8D231325EF990E0032D029 /* UserInfoCollectionViewCell.xib in Resources */ = {isa = PBXBuildFile; fileRef = AE8D231125EF990E0032D029 /* UserInfoCollectionViewCell.xib */; };
		AE8D232925F0E6980032D029 /* HeaderProtocol.swift in Sources */ = {isa = PBXBuildFile; fileRef = AE8D232825F0E6980032D029 /* HeaderProtocol.swift */; };
		AE8D232F25F0EC470032D029 /* HeaderCollectionReusableView.swift in Sources */ = {isa = PBXBuildFile; fileRef = AE8D232D25F0EC470032D029 /* HeaderCollectionReusableView.swift */; };
		AE8D233025F0EC470032D029 /* HeaderCollectionReusableView.xib in Resources */ = {isa = PBXBuildFile; fileRef = AE8D232E25F0EC470032D029 /* HeaderCollectionReusableView.xib */; };
		AE8D233C25F1056F0032D029 /* DatePickerCollectionViewCell.swift in Sources */ = {isa = PBXBuildFile; fileRef = AE8D233A25F1056E0032D029 /* DatePickerCollectionViewCell.swift */; };
		AE8D233D25F1056F0032D029 /* DatePickerCollectionViewCell.xib in Resources */ = {isa = PBXBuildFile; fileRef = AE8D233B25F1056E0032D029 /* DatePickerCollectionViewCell.xib */; };
		AE8D234B25F1067B0032D029 /* SegmenterCollectionViewCell.swift in Sources */ = {isa = PBXBuildFile; fileRef = AE8D234925F1067B0032D029 /* SegmenterCollectionViewCell.swift */; };
		AE8D234C25F1067B0032D029 /* SegmenterCollectionViewCell.xib in Resources */ = {isa = PBXBuildFile; fileRef = AE8D234A25F1067B0032D029 /* SegmenterCollectionViewCell.xib */; };
		AE8D235125F109BA0032D029 /* TypeAliasses.swift in Sources */ = {isa = PBXBuildFile; fileRef = AE8D235025F109BA0032D029 /* TypeAliasses.swift */; };
/* End PBXBuildFile section */

/* Begin PBXContainerItemProxy section */
		AE8D227D25EF46470032D029 /* PBXContainerItemProxy */ = {
			isa = PBXContainerItemProxy;
			containerPortal = AE8D225B25EF46410032D029 /* Project object */;
			proxyType = 1;
			remoteGlobalIDString = AE8D226225EF46410032D029;
			remoteInfo = BachelorProject;
		};
		AE8D228825EF46470032D029 /* PBXContainerItemProxy */ = {
			isa = PBXContainerItemProxy;
			containerPortal = AE8D225B25EF46410032D029 /* Project object */;
			proxyType = 1;
			remoteGlobalIDString = AE8D226225EF46410032D029;
			remoteInfo = BachelorProject;
		};
/* End PBXContainerItemProxy section */

/* Begin PBXFileReference section */
		AE8D226325EF46410032D029 /* BachelorProject.app */ = {isa = PBXFileReference; explicitFileType = wrapper.application; includeInIndex = 0; path = BachelorProject.app; sourceTree = BUILT_PRODUCTS_DIR; };
		AE8D226625EF46410032D029 /* AppDelegate.swift */ = {isa = PBXFileReference; lastKnownFileType = sourcecode.swift; path = AppDelegate.swift; sourceTree = "<group>"; };
		AE8D226825EF46410032D029 /* SceneDelegate.swift */ = {isa = PBXFileReference; lastKnownFileType = sourcecode.swift; path = SceneDelegate.swift; sourceTree = "<group>"; };
		AE8D226A25EF46410032D029 /* IntroViewController.swift */ = {isa = PBXFileReference; lastKnownFileType = sourcecode.swift; path = IntroViewController.swift; sourceTree = "<group>"; };
		AE8D226D25EF46410032D029 /* Base */ = {isa = PBXFileReference; lastKnownFileType = file.storyboard; name = Base; path = Base.lproj/Main.storyboard; sourceTree = "<group>"; };
		AE8D227025EF46410032D029 /* BachelorProject.xcdatamodel */ = {isa = PBXFileReference; lastKnownFileType = wrapper.xcdatamodel; path = BachelorProject.xcdatamodel; sourceTree = "<group>"; };
		AE8D227225EF46460032D029 /* Assets.xcassets */ = {isa = PBXFileReference; lastKnownFileType = folder.assetcatalog; path = Assets.xcassets; sourceTree = "<group>"; };
		AE8D227525EF46460032D029 /* Base */ = {isa = PBXFileReference; lastKnownFileType = file.storyboard; name = Base; path = Base.lproj/LaunchScreen.storyboard; sourceTree = "<group>"; };
		AE8D227725EF46460032D029 /* Info.plist */ = {isa = PBXFileReference; lastKnownFileType = text.plist.xml; path = Info.plist; sourceTree = "<group>"; };
		AE8D227C25EF46470032D029 /* BachelorProjectTests.xctest */ = {isa = PBXFileReference; explicitFileType = wrapper.cfbundle; includeInIndex = 0; path = BachelorProjectTests.xctest; sourceTree = BUILT_PRODUCTS_DIR; };
		AE8D228025EF46470032D029 /* BachelorProjectTests.swift */ = {isa = PBXFileReference; lastKnownFileType = sourcecode.swift; path = BachelorProjectTests.swift; sourceTree = "<group>"; };
		AE8D228225EF46470032D029 /* Info.plist */ = {isa = PBXFileReference; lastKnownFileType = text.plist.xml; path = Info.plist; sourceTree = "<group>"; };
		AE8D228725EF46470032D029 /* BachelorProjectUITests.xctest */ = {isa = PBXFileReference; explicitFileType = wrapper.cfbundle; includeInIndex = 0; path = BachelorProjectUITests.xctest; sourceTree = BUILT_PRODUCTS_DIR; };
		AE8D228B25EF46470032D029 /* BachelorProjectUITests.swift */ = {isa = PBXFileReference; lastKnownFileType = sourcecode.swift; path = BachelorProjectUITests.swift; sourceTree = "<group>"; };
		AE8D228D25EF46470032D029 /* Info.plist */ = {isa = PBXFileReference; lastKnownFileType = text.plist.xml; path = Info.plist; sourceTree = "<group>"; };
		AE8D22B425EF4E670032D029 /* IntroViewController.xib */ = {isa = PBXFileReference; lastKnownFileType = file.xib; path = IntroViewController.xib; sourceTree = "<group>"; };
		AE8D22BD25EF503A0032D029 /* Router.swift */ = {isa = PBXFileReference; lastKnownFileType = sourcecode.swift; path = Router.swift; sourceTree = "<group>"; };
		AE8D22DB25EF64010032D029 /* LoginViewController.swift */ = {isa = PBXFileReference; lastKnownFileType = sourcecode.swift; path = LoginViewController.swift; sourceTree = "<group>"; };
		AE8D22DC25EF64010032D029 /* LoginViewController.xib */ = {isa = PBXFileReference; lastKnownFileType = file.xib; path = LoginViewController.xib; sourceTree = "<group>"; };
		AE8D22E225EF64420032D029 /* RegisterViewController.swift */ = {isa = PBXFileReference; lastKnownFileType = sourcecode.swift; path = RegisterViewController.swift; sourceTree = "<group>"; };
		AE8D22E325EF64420032D029 /* RegisterViewController.xib */ = {isa = PBXFileReference; lastKnownFileType = file.xib; path = RegisterViewController.xib; sourceTree = "<group>"; };
		AE8D22F025EF70C80032D029 /* NibLoadable.swift */ = {isa = PBXFileReference; lastKnownFileType = sourcecode.swift; path = NibLoadable.swift; sourceTree = "<group>"; };
		AE8D22F825EF74270032D029 /* PhotoView.swift */ = {isa = PBXFileReference; lastKnownFileType = sourcecode.swift; path = PhotoView.swift; sourceTree = "<group>"; };
		AE8D230725EF8CBD0032D029 /* Extension + UIView.swift */ = {isa = PBXFileReference; lastKnownFileType = sourcecode.swift; path = "Extension + UIView.swift"; sourceTree = "<group>"; };
		AE8D231025EF990E0032D029 /* UserInfoCollectionViewCell.swift */ = {isa = PBXFileReference; lastKnownFileType = sourcecode.swift; path = UserInfoCollectionViewCell.swift; sourceTree = "<group>"; };
		AE8D231125EF990E0032D029 /* UserInfoCollectionViewCell.xib */ = {isa = PBXFileReference; lastKnownFileType = file.xib; path = UserInfoCollectionViewCell.xib; sourceTree = "<group>"; };
		AE8D232825F0E6980032D029 /* HeaderProtocol.swift */ = {isa = PBXFileReference; lastKnownFileType = sourcecode.swift; path = HeaderProtocol.swift; sourceTree = "<group>"; };
		AE8D232D25F0EC470032D029 /* HeaderCollectionReusableView.swift */ = {isa = PBXFileReference; lastKnownFileType = sourcecode.swift; path = HeaderCollectionReusableView.swift; sourceTree = "<group>"; };
		AE8D232E25F0EC470032D029 /* HeaderCollectionReusableView.xib */ = {isa = PBXFileReference; lastKnownFileType = file.xib; path = HeaderCollectionReusableView.xib; sourceTree = "<group>"; };
		AE8D233A25F1056E0032D029 /* DatePickerCollectionViewCell.swift */ = {isa = PBXFileReference; lastKnownFileType = sourcecode.swift; path = DatePickerCollectionViewCell.swift; sourceTree = "<group>"; };
		AE8D233B25F1056E0032D029 /* DatePickerCollectionViewCell.xib */ = {isa = PBXFileReference; lastKnownFileType = file.xib; path = DatePickerCollectionViewCell.xib; sourceTree = "<group>"; };
		AE8D234925F1067B0032D029 /* SegmenterCollectionViewCell.swift */ = {isa = PBXFileReference; lastKnownFileType = sourcecode.swift; path = SegmenterCollectionViewCell.swift; sourceTree = "<group>"; };
		AE8D234A25F1067B0032D029 /* SegmenterCollectionViewCell.xib */ = {isa = PBXFileReference; lastKnownFileType = file.xib; path = SegmenterCollectionViewCell.xib; sourceTree = "<group>"; };
		AE8D235025F109BA0032D029 /* TypeAliasses.swift */ = {isa = PBXFileReference; lastKnownFileType = sourcecode.swift; path = TypeAliasses.swift; sourceTree = "<group>"; };
/* End PBXFileReference section */

/* Begin PBXFrameworksBuildPhase section */
		AE8D226025EF46410032D029 /* Frameworks */ = {
			isa = PBXFrameworksBuildPhase;
			buildActionMask = 2147483647;
			files = (
			);
			runOnlyForDeploymentPostprocessing = 0;
		};
		AE8D227925EF46470032D029 /* Frameworks */ = {
			isa = PBXFrameworksBuildPhase;
			buildActionMask = 2147483647;
			files = (
			);
			runOnlyForDeploymentPostprocessing = 0;
		};
		AE8D228425EF46470032D029 /* Frameworks */ = {
			isa = PBXFrameworksBuildPhase;
			buildActionMask = 2147483647;
			files = (
			);
			runOnlyForDeploymentPostprocessing = 0;
		};
/* End PBXFrameworksBuildPhase section */

/* Begin PBXGroup section */
		AE8D225A25EF46410032D029 = {
			isa = PBXGroup;
			children = (
				AE8D226525EF46410032D029 /* BachelorProject */,
				AE8D227F25EF46470032D029 /* BachelorProjectTests */,
				AE8D228A25EF46470032D029 /* BachelorProjectUITests */,
				AE8D226425EF46410032D029 /* Products */,
			);
			sourceTree = "<group>";
		};
		AE8D226425EF46410032D029 /* Products */ = {
			isa = PBXGroup;
			children = (
				AE8D226325EF46410032D029 /* BachelorProject.app */,
				AE8D227C25EF46470032D029 /* BachelorProjectTests.xctest */,
				AE8D228725EF46470032D029 /* BachelorProjectUITests.xctest */,
			);
			name = Products;
			sourceTree = "<group>";
		};
		AE8D226525EF46410032D029 /* BachelorProject */ = {
			isa = PBXGroup;
			children = (
				AE8D230625EF8C970032D029 /* Extensions */,
				AE8D230225EF7F490032D029 /* Models */,
				AE8D22EF25EF709A0032D029 /* Protocols */,
				AE8D22D425EF60660032D029 /* CustomViews */,
				AE8D22BC25EF50270032D029 /* Helpers */,
				AE8D22B225EF4DF20032D029 /* Resources */,
				AE8D22B125EF4D6D0032D029 /* Controller */,
				AE8D22B025EF4D550032D029 /* Aplication */,
				AE8D22B325EF4E120032D029 /* CoreData */,
				AE8D227725EF46460032D029 /* Info.plist */,
			);
			path = BachelorProject;
			sourceTree = "<group>";
		};
		AE8D227F25EF46470032D029 /* BachelorProjectTests */ = {
			isa = PBXGroup;
			children = (
				AE8D228025EF46470032D029 /* BachelorProjectTests.swift */,
				AE8D228225EF46470032D029 /* Info.plist */,
			);
			path = BachelorProjectTests;
			sourceTree = "<group>";
		};
		AE8D228A25EF46470032D029 /* BachelorProjectUITests */ = {
			isa = PBXGroup;
			children = (
				AE8D228B25EF46470032D029 /* BachelorProjectUITests.swift */,
				AE8D228D25EF46470032D029 /* Info.plist */,
			);
			path = BachelorProjectUITests;
			sourceTree = "<group>";
		};
		AE8D22B025EF4D550032D029 /* Aplication */ = {
			isa = PBXGroup;
			children = (
				AE8D226C25EF46410032D029 /* Main.storyboard */,
				AE8D226625EF46410032D029 /* AppDelegate.swift */,
				AE8D226825EF46410032D029 /* SceneDelegate.swift */,
			);
			path = Aplication;
			sourceTree = "<group>";
		};
		AE8D22B125EF4D6D0032D029 /* Controller */ = {
			isa = PBXGroup;
			children = (
				AE8D226A25EF46410032D029 /* IntroViewController.swift */,
				AE8D22B425EF4E670032D029 /* IntroViewController.xib */,
				AE8D22DB25EF64010032D029 /* LoginViewController.swift */,
				AE8D22DC25EF64010032D029 /* LoginViewController.xib */,
				AE8D22E225EF64420032D029 /* RegisterViewController.swift */,
				AE8D22E325EF64420032D029 /* RegisterViewController.xib */,
			);
			path = Controller;
			sourceTree = "<group>";
		};
		AE8D22B225EF4DF20032D029 /* Resources */ = {
			isa = PBXGroup;
			children = (
				AE8D227225EF46460032D029 /* Assets.xcassets */,
				AE8D227425EF46460032D029 /* LaunchScreen.storyboard */,
			);
			path = Resources;
			sourceTree = "<group>";
		};
		AE8D22B325EF4E120032D029 /* CoreData */ = {
			isa = PBXGroup;
			children = (
				AE8D226F25EF46410032D029 /* BachelorProject.xcdatamodeld */,
			);
			path = CoreData;
			sourceTree = "<group>";
		};
		AE8D22BC25EF50270032D029 /* Helpers */ = {
			isa = PBXGroup;
			children = (
				AE8D22BD25EF503A0032D029 /* Router.swift */,
			);
			path = Helpers;
			sourceTree = "<group>";
		};
		AE8D22D425EF60660032D029 /* CustomViews */ = {
			isa = PBXGroup;
			children = (
				AE8D231D25F0DC3A0032D029 /* HeaderViews */,
				AE8D230F25EF98D40032D029 /* Cells */,
				AE8D22F825EF74270032D029 /* PhotoView.swift */,
			);
			path = CustomViews;
			sourceTree = "<group>";
		};
		AE8D22EF25EF709A0032D029 /* Protocols */ = {
			isa = PBXGroup;
			children = (
				AE8D22F025EF70C80032D029 /* NibLoadable.swift */,
				AE8D232825F0E6980032D029 /* HeaderProtocol.swift */,
				AE8D235025F109BA0032D029 /* TypeAliasses.swift */,
			);
			path = Protocols;
			sourceTree = "<group>";
		};
		AE8D230225EF7F490032D029 /* Models */ = {
			isa = PBXGroup;
			children = (
			);
			path = Models;
			sourceTree = "<group>";
		};
		AE8D230625EF8C970032D029 /* Extensions */ = {
			isa = PBXGroup;
			children = (
				AE8D230725EF8CBD0032D029 /* Extension + UIView.swift */,
			);
			path = Extensions;
			sourceTree = "<group>";
		};
		AE8D230F25EF98D40032D029 /* Cells */ = {
			isa = PBXGroup;
			children = (
				AE8D231025EF990E0032D029 /* UserInfoCollectionViewCell.swift */,
				AE8D231125EF990E0032D029 /* UserInfoCollectionViewCell.xib */,
				AE8D233A25F1056E0032D029 /* DatePickerCollectionViewCell.swift */,
				AE8D233B25F1056E0032D029 /* DatePickerCollectionViewCell.xib */,
				AE8D234925F1067B0032D029 /* SegmenterCollectionViewCell.swift */,
				AE8D234A25F1067B0032D029 /* SegmenterCollectionViewCell.xib */,
			);
			path = Cells;
			sourceTree = "<group>";
		};
		AE8D231D25F0DC3A0032D029 /* HeaderViews */ = {
			isa = PBXGroup;
			children = (
				AE8D232D25F0EC470032D029 /* HeaderCollectionReusableView.swift */,
				AE8D232E25F0EC470032D029 /* HeaderCollectionReusableView.xib */,
			);
			path = HeaderViews;
			sourceTree = "<group>";
		};
/* End PBXGroup section */

/* Begin PBXNativeTarget section */
		AE8D226225EF46410032D029 /* BachelorProject */ = {
			isa = PBXNativeTarget;
			buildConfigurationList = AE8D229025EF46470032D029 /* Build configuration list for PBXNativeTarget "BachelorProject" */;
			buildPhases = (
				AE8D225F25EF46410032D029 /* Sources */,
				AE8D226025EF46410032D029 /* Frameworks */,
				AE8D226125EF46410032D029 /* Resources */,
			);
			buildRules = (
			);
			dependencies = (
			);
			name = BachelorProject;
			productName = BachelorProject;
			productReference = AE8D226325EF46410032D029 /* BachelorProject.app */;
			productType = "com.apple.product-type.application";
		};
		AE8D227B25EF46470032D029 /* BachelorProjectTests */ = {
			isa = PBXNativeTarget;
			buildConfigurationList = AE8D229325EF46470032D029 /* Build configuration list for PBXNativeTarget "BachelorProjectTests" */;
			buildPhases = (
				AE8D227825EF46470032D029 /* Sources */,
				AE8D227925EF46470032D029 /* Frameworks */,
				AE8D227A25EF46470032D029 /* Resources */,
			);
			buildRules = (
			);
			dependencies = (
				AE8D227E25EF46470032D029 /* PBXTargetDependency */,
			);
			name = BachelorProjectTests;
			productName = BachelorProjectTests;
			productReference = AE8D227C25EF46470032D029 /* BachelorProjectTests.xctest */;
			productType = "com.apple.product-type.bundle.unit-test";
		};
		AE8D228625EF46470032D029 /* BachelorProjectUITests */ = {
			isa = PBXNativeTarget;
			buildConfigurationList = AE8D229625EF46470032D029 /* Build configuration list for PBXNativeTarget "BachelorProjectUITests" */;
			buildPhases = (
				AE8D228325EF46470032D029 /* Sources */,
				AE8D228425EF46470032D029 /* Frameworks */,
				AE8D228525EF46470032D029 /* Resources */,
			);
			buildRules = (
			);
			dependencies = (
				AE8D228925EF46470032D029 /* PBXTargetDependency */,
			);
			name = BachelorProjectUITests;
			productName = BachelorProjectUITests;
			productReference = AE8D228725EF46470032D029 /* BachelorProjectUITests.xctest */;
			productType = "com.apple.product-type.bundle.ui-testing";
		};
/* End PBXNativeTarget section */

/* Begin PBXProject section */
		AE8D225B25EF46410032D029 /* Project object */ = {
			isa = PBXProject;
			attributes = {
				LastSwiftUpdateCheck = 1230;
				LastUpgradeCheck = 1230;
				TargetAttributes = {
					AE8D226225EF46410032D029 = {
						CreatedOnToolsVersion = 12.3;
					};
					AE8D227B25EF46470032D029 = {
						CreatedOnToolsVersion = 12.3;
						TestTargetID = AE8D226225EF46410032D029;
					};
					AE8D228625EF46470032D029 = {
						CreatedOnToolsVersion = 12.3;
						TestTargetID = AE8D226225EF46410032D029;
					};
				};
			};
			buildConfigurationList = AE8D225E25EF46410032D029 /* Build configuration list for PBXProject "BachelorProject" */;
			compatibilityVersion = "Xcode 9.3";
			developmentRegion = en;
			hasScannedForEncodings = 0;
			knownRegions = (
				en,
				Base,
			);
			mainGroup = AE8D225A25EF46410032D029;
			productRefGroup = AE8D226425EF46410032D029 /* Products */;
			projectDirPath = "";
			projectRoot = "";
			targets = (
				AE8D226225EF46410032D029 /* BachelorProject */,
				AE8D227B25EF46470032D029 /* BachelorProjectTests */,
				AE8D228625EF46470032D029 /* BachelorProjectUITests */,
			);
		};
/* End PBXProject section */

/* Begin PBXResourcesBuildPhase section */
		AE8D226125EF46410032D029 /* Resources */ = {
			isa = PBXResourcesBuildPhase;
			buildActionMask = 2147483647;
			files = (
				AE8D22DE25EF64010032D029 /* LoginViewController.xib in Resources */,
				AE8D227625EF46460032D029 /* LaunchScreen.storyboard in Resources */,
				AE8D233025F0EC470032D029 /* HeaderCollectionReusableView.xib in Resources */,
				AE8D227325EF46460032D029 /* Assets.xcassets in Resources */,
				AE8D22B525EF4E670032D029 /* IntroViewController.xib in Resources */,
				AE8D234C25F1067B0032D029 /* SegmenterCollectionViewCell.xib in Resources */,
				AE8D231325EF990E0032D029 /* UserInfoCollectionViewCell.xib in Resources */,
				AE8D226E25EF46410032D029 /* Main.storyboard in Resources */,
				AE8D22E525EF64420032D029 /* RegisterViewController.xib in Resources */,
				AE8D233D25F1056F0032D029 /* DatePickerCollectionViewCell.xib in Resources */,
			);
			runOnlyForDeploymentPostprocessing = 0;
		};
		AE8D227A25EF46470032D029 /* Resources */ = {
			isa = PBXResourcesBuildPhase;
			buildActionMask = 2147483647;
			files = (
			);
			runOnlyForDeploymentPostprocessing = 0;
		};
		AE8D228525EF46470032D029 /* Resources */ = {
			isa = PBXResourcesBuildPhase;
			buildActionMask = 2147483647;
			files = (
			);
			runOnlyForDeploymentPostprocessing = 0;
		};
/* End PBXResourcesBuildPhase section */

/* Begin PBXSourcesBuildPhase section */
		AE8D225F25EF46410032D029 /* Sources */ = {
			isa = PBXSourcesBuildPhase;
			buildActionMask = 2147483647;
			files = (
				AE8D234B25F1067B0032D029 /* SegmenterCollectionViewCell.swift in Sources */,
				AE8D232F25F0EC470032D029 /* HeaderCollectionReusableView.swift in Sources */,
				AE8D22DD25EF64010032D029 /* LoginViewController.swift in Sources */,
				AE8D232925F0E6980032D029 /* HeaderProtocol.swift in Sources */,
				AE8D235125F109BA0032D029 /* TypeAliasses.swift in Sources */,
				AE8D231225EF990E0032D029 /* UserInfoCollectionViewCell.swift in Sources */,
				AE8D22F125EF70C90032D029 /* NibLoadable.swift in Sources */,
				AE8D226B25EF46410032D029 /* IntroViewController.swift in Sources */,
				AE8D22F925EF74280032D029 /* PhotoView.swift in Sources */,
				AE8D22E425EF64420032D029 /* RegisterViewController.swift in Sources */,
				AE8D226725EF46410032D029 /* AppDelegate.swift in Sources */,
				AE8D230825EF8CBD0032D029 /* Extension + UIView.swift in Sources */,
				AE8D233C25F1056F0032D029 /* DatePickerCollectionViewCell.swift in Sources */,
				AE8D22BE25EF503A0032D029 /* Router.swift in Sources */,
				AE8D226925EF46410032D029 /* SceneDelegate.swift in Sources */,
				AE8D227125EF46410032D029 /* BachelorProject.xcdatamodeld in Sources */,
			);
			runOnlyForDeploymentPostprocessing = 0;
		};
		AE8D227825EF46470032D029 /* Sources */ = {
			isa = PBXSourcesBuildPhase;
			buildActionMask = 2147483647;
			files = (
				AE8D228125EF46470032D029 /* BachelorProjectTests.swift in Sources */,
			);
			runOnlyForDeploymentPostprocessing = 0;
		};
		AE8D228325EF46470032D029 /* Sources */ = {
			isa = PBXSourcesBuildPhase;
			buildActionMask = 2147483647;
			files = (
				AE8D228C25EF46470032D029 /* BachelorProjectUITests.swift in Sources */,
			);
			runOnlyForDeploymentPostprocessing = 0;
		};
/* End PBXSourcesBuildPhase section */

/* Begin PBXTargetDependency section */
		AE8D227E25EF46470032D029 /* PBXTargetDependency */ = {
			isa = PBXTargetDependency;
			target = AE8D226225EF46410032D029 /* BachelorProject */;
			targetProxy = AE8D227D25EF46470032D029 /* PBXContainerItemProxy */;
		};
		AE8D228925EF46470032D029 /* PBXTargetDependency */ = {
			isa = PBXTargetDependency;
			target = AE8D226225EF46410032D029 /* BachelorProject */;
			targetProxy = AE8D228825EF46470032D029 /* PBXContainerItemProxy */;
		};
/* End PBXTargetDependency section */

/* Begin PBXVariantGroup section */
		AE8D226C25EF46410032D029 /* Main.storyboard */ = {
			isa = PBXVariantGroup;
			children = (
				AE8D226D25EF46410032D029 /* Base */,
			);
			name = Main.storyboard;
			sourceTree = "<group>";
		};
		AE8D227425EF46460032D029 /* LaunchScreen.storyboard */ = {
			isa = PBXVariantGroup;
			children = (
				AE8D227525EF46460032D029 /* Base */,
			);
			name = LaunchScreen.storyboard;
			sourceTree = "<group>";
		};
/* End PBXVariantGroup section */

/* Begin XCBuildConfiguration section */
		AE8D228E25EF46470032D029 /* Debug */ = {
			isa = XCBuildConfiguration;
			buildSettings = {
				ALWAYS_SEARCH_USER_PATHS = NO;
				CLANG_ANALYZER_NONNULL = YES;
				CLANG_ANALYZER_NUMBER_OBJECT_CONVERSION = YES_AGGRESSIVE;
				CLANG_CXX_LANGUAGE_STANDARD = "gnu++14";
				CLANG_CXX_LIBRARY = "libc++";
				CLANG_ENABLE_MODULES = YES;
				CLANG_ENABLE_OBJC_ARC = YES;
				CLANG_ENABLE_OBJC_WEAK = YES;
				CLANG_WARN_BLOCK_CAPTURE_AUTORELEASING = YES;
				CLANG_WARN_BOOL_CONVERSION = YES;
				CLANG_WARN_COMMA = YES;
				CLANG_WARN_CONSTANT_CONVERSION = YES;
				CLANG_WARN_DEPRECATED_OBJC_IMPLEMENTATIONS = YES;
				CLANG_WARN_DIRECT_OBJC_ISA_USAGE = YES_ERROR;
				CLANG_WARN_DOCUMENTATION_COMMENTS = YES;
				CLANG_WARN_EMPTY_BODY = YES;
				CLANG_WARN_ENUM_CONVERSION = YES;
				CLANG_WARN_INFINITE_RECURSION = YES;
				CLANG_WARN_INT_CONVERSION = YES;
				CLANG_WARN_NON_LITERAL_NULL_CONVERSION = YES;
				CLANG_WARN_OBJC_IMPLICIT_RETAIN_SELF = YES;
				CLANG_WARN_OBJC_LITERAL_CONVERSION = YES;
				CLANG_WARN_OBJC_ROOT_CLASS = YES_ERROR;
				CLANG_WARN_QUOTED_INCLUDE_IN_FRAMEWORK_HEADER = YES;
				CLANG_WARN_RANGE_LOOP_ANALYSIS = YES;
				CLANG_WARN_STRICT_PROTOTYPES = YES;
				CLANG_WARN_SUSPICIOUS_MOVE = YES;
				CLANG_WARN_UNGUARDED_AVAILABILITY = YES_AGGRESSIVE;
				CLANG_WARN_UNREACHABLE_CODE = YES;
				CLANG_WARN__DUPLICATE_METHOD_MATCH = YES;
				COPY_PHASE_STRIP = NO;
				DEBUG_INFORMATION_FORMAT = dwarf;
				ENABLE_STRICT_OBJC_MSGSEND = YES;
				ENABLE_TESTABILITY = YES;
				GCC_C_LANGUAGE_STANDARD = gnu11;
				GCC_DYNAMIC_NO_PIC = NO;
				GCC_NO_COMMON_BLOCKS = YES;
				GCC_OPTIMIZATION_LEVEL = 0;
				GCC_PREPROCESSOR_DEFINITIONS = (
					"DEBUG=1",
					"$(inherited)",
				);
				GCC_WARN_64_TO_32_BIT_CONVERSION = YES;
				GCC_WARN_ABOUT_RETURN_TYPE = YES_ERROR;
				GCC_WARN_UNDECLARED_SELECTOR = YES;
				GCC_WARN_UNINITIALIZED_AUTOS = YES_AGGRESSIVE;
				GCC_WARN_UNUSED_FUNCTION = YES;
				GCC_WARN_UNUSED_VARIABLE = YES;
				IPHONEOS_DEPLOYMENT_TARGET = 14.3;
				MTL_ENABLE_DEBUG_INFO = INCLUDE_SOURCE;
				MTL_FAST_MATH = YES;
				ONLY_ACTIVE_ARCH = YES;
				SDKROOT = iphoneos;
				SWIFT_ACTIVE_COMPILATION_CONDITIONS = DEBUG;
				SWIFT_OPTIMIZATION_LEVEL = "-Onone";
			};
			name = Debug;
		};
		AE8D228F25EF46470032D029 /* Release */ = {
			isa = XCBuildConfiguration;
			buildSettings = {
				ALWAYS_SEARCH_USER_PATHS = NO;
				CLANG_ANALYZER_NONNULL = YES;
				CLANG_ANALYZER_NUMBER_OBJECT_CONVERSION = YES_AGGRESSIVE;
				CLANG_CXX_LANGUAGE_STANDARD = "gnu++14";
				CLANG_CXX_LIBRARY = "libc++";
				CLANG_ENABLE_MODULES = YES;
				CLANG_ENABLE_OBJC_ARC = YES;
				CLANG_ENABLE_OBJC_WEAK = YES;
				CLANG_WARN_BLOCK_CAPTURE_AUTORELEASING = YES;
				CLANG_WARN_BOOL_CONVERSION = YES;
				CLANG_WARN_COMMA = YES;
				CLANG_WARN_CONSTANT_CONVERSION = YES;
				CLANG_WARN_DEPRECATED_OBJC_IMPLEMENTATIONS = YES;
				CLANG_WARN_DIRECT_OBJC_ISA_USAGE = YES_ERROR;
				CLANG_WARN_DOCUMENTATION_COMMENTS = YES;
				CLANG_WARN_EMPTY_BODY = YES;
				CLANG_WARN_ENUM_CONVERSION = YES;
				CLANG_WARN_INFINITE_RECURSION = YES;
				CLANG_WARN_INT_CONVERSION = YES;
				CLANG_WARN_NON_LITERAL_NULL_CONVERSION = YES;
				CLANG_WARN_OBJC_IMPLICIT_RETAIN_SELF = YES;
				CLANG_WARN_OBJC_LITERAL_CONVERSION = YES;
				CLANG_WARN_OBJC_ROOT_CLASS = YES_ERROR;
				CLANG_WARN_QUOTED_INCLUDE_IN_FRAMEWORK_HEADER = YES;
				CLANG_WARN_RANGE_LOOP_ANALYSIS = YES;
				CLANG_WARN_STRICT_PROTOTYPES = YES;
				CLANG_WARN_SUSPICIOUS_MOVE = YES;
				CLANG_WARN_UNGUARDED_AVAILABILITY = YES_AGGRESSIVE;
				CLANG_WARN_UNREACHABLE_CODE = YES;
				CLANG_WARN__DUPLICATE_METHOD_MATCH = YES;
				COPY_PHASE_STRIP = NO;
				DEBUG_INFORMATION_FORMAT = "dwarf-with-dsym";
				ENABLE_NS_ASSERTIONS = NO;
				ENABLE_STRICT_OBJC_MSGSEND = YES;
				GCC_C_LANGUAGE_STANDARD = gnu11;
				GCC_NO_COMMON_BLOCKS = YES;
				GCC_WARN_64_TO_32_BIT_CONVERSION = YES;
				GCC_WARN_ABOUT_RETURN_TYPE = YES_ERROR;
				GCC_WARN_UNDECLARED_SELECTOR = YES;
				GCC_WARN_UNINITIALIZED_AUTOS = YES_AGGRESSIVE;
				GCC_WARN_UNUSED_FUNCTION = YES;
				GCC_WARN_UNUSED_VARIABLE = YES;
				IPHONEOS_DEPLOYMENT_TARGET = 14.3;
				MTL_ENABLE_DEBUG_INFO = NO;
				MTL_FAST_MATH = YES;
				SDKROOT = iphoneos;
				SWIFT_COMPILATION_MODE = wholemodule;
				SWIFT_OPTIMIZATION_LEVEL = "-O";
				VALIDATE_PRODUCT = YES;
			};
			name = Release;
		};
		AE8D229125EF46470032D029 /* Debug */ = {
			isa = XCBuildConfiguration;
			buildSettings = {
				ASSETCATALOG_COMPILER_APPICON_NAME = AppIcon;
				ASSETCATALOG_COMPILER_GLOBAL_ACCENT_COLOR_NAME = AccentColor;
				CODE_SIGN_STYLE = Automatic;
				DEVELOPMENT_TEAM = UPWXFVVHLN;
				INFOPLIST_FILE = BachelorProject/Info.plist;
				IPHONEOS_DEPLOYMENT_TARGET = 13.0;
				LD_RUNPATH_SEARCH_PATHS = (
					"$(inherited)",
					"@executable_path/Frameworks",
				);
				PRODUCT_BUNDLE_IDENTIFIER = myApp.BachelorProject;
				PRODUCT_NAME = "$(TARGET_NAME)";
				SWIFT_VERSION = 5.0;
				TARGETED_DEVICE_FAMILY = "1,2";
			};
			name = Debug;
		};
		AE8D229225EF46470032D029 /* Release */ = {
			isa = XCBuildConfiguration;
			buildSettings = {
				ASSETCATALOG_COMPILER_APPICON_NAME = AppIcon;
				ASSETCATALOG_COMPILER_GLOBAL_ACCENT_COLOR_NAME = AccentColor;
				CODE_SIGN_STYLE = Automatic;
				DEVELOPMENT_TEAM = UPWXFVVHLN;
				INFOPLIST_FILE = BachelorProject/Info.plist;
				IPHONEOS_DEPLOYMENT_TARGET = 13.0;
				LD_RUNPATH_SEARCH_PATHS = (
					"$(inherited)",
					"@executable_path/Frameworks",
				);
				PRODUCT_BUNDLE_IDENTIFIER = myApp.BachelorProject;
				PRODUCT_NAME = "$(TARGET_NAME)";
				SWIFT_VERSION = 5.0;
				TARGETED_DEVICE_FAMILY = "1,2";
			};
			name = Release;
		};
		AE8D229425EF46470032D029 /* Debug */ = {
			isa = XCBuildConfiguration;
			buildSettings = {
				ALWAYS_EMBED_SWIFT_STANDARD_LIBRARIES = YES;
				BUNDLE_LOADER = "$(TEST_HOST)";
				CODE_SIGN_STYLE = Automatic;
				DEVELOPMENT_TEAM = UPWXFVVHLN;
				INFOPLIST_FILE = BachelorProjectTests/Info.plist;
				IPHONEOS_DEPLOYMENT_TARGET = 14.3;
				LD_RUNPATH_SEARCH_PATHS = (
					"$(inherited)",
					"@executable_path/Frameworks",
					"@loader_path/Frameworks",
				);
				PRODUCT_BUNDLE_IDENTIFIER = myApp.BachelorProjectTests;
				PRODUCT_NAME = "$(TARGET_NAME)";
				SWIFT_VERSION = 5.0;
				TARGETED_DEVICE_FAMILY = "1,2";
				TEST_HOST = "$(BUILT_PRODUCTS_DIR)/BachelorProject.app/BachelorProject";
			};
			name = Debug;
		};
		AE8D229525EF46470032D029 /* Release */ = {
			isa = XCBuildConfiguration;
			buildSettings = {
				ALWAYS_EMBED_SWIFT_STANDARD_LIBRARIES = YES;
				BUNDLE_LOADER = "$(TEST_HOST)";
				CODE_SIGN_STYLE = Automatic;
				DEVELOPMENT_TEAM = UPWXFVVHLN;
				INFOPLIST_FILE = BachelorProjectTests/Info.plist;
				IPHONEOS_DEPLOYMENT_TARGET = 14.3;
				LD_RUNPATH_SEARCH_PATHS = (
					"$(inherited)",
					"@executable_path/Frameworks",
					"@loader_path/Frameworks",
				);
				PRODUCT_BUNDLE_IDENTIFIER = myApp.BachelorProjectTests;
				PRODUCT_NAME = "$(TARGET_NAME)";
				SWIFT_VERSION = 5.0;
				TARGETED_DEVICE_FAMILY = "1,2";
				TEST_HOST = "$(BUILT_PRODUCTS_DIR)/BachelorProject.app/BachelorProject";
			};
			name = Release;
		};
		AE8D229725EF46470032D029 /* Debug */ = {
			isa = XCBuildConfiguration;
			buildSettings = {
				ALWAYS_EMBED_SWIFT_STANDARD_LIBRARIES = YES;
				CODE_SIGN_STYLE = Automatic;
				DEVELOPMENT_TEAM = UPWXFVVHLN;
				INFOPLIST_FILE = BachelorProjectUITests/Info.plist;
				LD_RUNPATH_SEARCH_PATHS = (
					"$(inherited)",
					"@executable_path/Frameworks",
					"@loader_path/Frameworks",
				);
				PRODUCT_BUNDLE_IDENTIFIER = myApp.BachelorProjectUITests;
				PRODUCT_NAME = "$(TARGET_NAME)";
				SWIFT_VERSION = 5.0;
				TARGETED_DEVICE_FAMILY = "1,2";
				TEST_TARGET_NAME = BachelorProject;
			};
			name = Debug;
		};
		AE8D229825EF46470032D029 /* Release */ = {
			isa = XCBuildConfiguration;
			buildSettings = {
				ALWAYS_EMBED_SWIFT_STANDARD_LIBRARIES = YES;
				CODE_SIGN_STYLE = Automatic;
				DEVELOPMENT_TEAM = UPWXFVVHLN;
				INFOPLIST_FILE = BachelorProjectUITests/Info.plist;
				LD_RUNPATH_SEARCH_PATHS = (
					"$(inherited)",
					"@executable_path/Frameworks",
					"@loader_path/Frameworks",
				);
				PRODUCT_BUNDLE_IDENTIFIER = myApp.BachelorProjectUITests;
				PRODUCT_NAME = "$(TARGET_NAME)";
				SWIFT_VERSION = 5.0;
				TARGETED_DEVICE_FAMILY = "1,2";
				TEST_TARGET_NAME = BachelorProject;
			};
			name = Release;
		};
/* End XCBuildConfiguration section */

/* Begin XCConfigurationList section */
		AE8D225E25EF46410032D029 /* Build configuration list for PBXProject "BachelorProject" */ = {
			isa = XCConfigurationList;
			buildConfigurations = (
				AE8D228E25EF46470032D029 /* Debug */,
				AE8D228F25EF46470032D029 /* Release */,
			);
			defaultConfigurationIsVisible = 0;
			defaultConfigurationName = Release;
		};
		AE8D229025EF46470032D029 /* Build configuration list for PBXNativeTarget "BachelorProject" */ = {
			isa = XCConfigurationList;
			buildConfigurations = (
				AE8D229125EF46470032D029 /* Debug */,
				AE8D229225EF46470032D029 /* Release */,
			);
			defaultConfigurationIsVisible = 0;
			defaultConfigurationName = Release;
		};
		AE8D229325EF46470032D029 /* Build configuration list for PBXNativeTarget "BachelorProjectTests" */ = {
			isa = XCConfigurationList;
			buildConfigurations = (
				AE8D229425EF46470032D029 /* Debug */,
				AE8D229525EF46470032D029 /* Release */,
			);
			defaultConfigurationIsVisible = 0;
			defaultConfigurationName = Release;
		};
		AE8D229625EF46470032D029 /* Build configuration list for PBXNativeTarget "BachelorProjectUITests" */ = {
			isa = XCConfigurationList;
			buildConfigurations = (
				AE8D229725EF46470032D029 /* Debug */,
				AE8D229825EF46470032D029 /* Release */,
			);
			defaultConfigurationIsVisible = 0;
			defaultConfigurationName = Release;
		};
/* End XCConfigurationList section */

/* Begin XCVersionGroup section */
		AE8D226F25EF46410032D029 /* BachelorProject.xcdatamodeld */ = {
			isa = XCVersionGroup;
			children = (
				AE8D227025EF46410032D029 /* BachelorProject.xcdatamodel */,
			);
			currentVersion = AE8D227025EF46410032D029 /* BachelorProject.xcdatamodel */;
			path = BachelorProject.xcdatamodeld;
			sourceTree = "<group>";
			versionGroupType = wrapper.xcdatamodel;
		};
/* End XCVersionGroup section */
	};
	rootObject = AE8D225B25EF46410032D029 /* Project object */;
}
